
Microsoft Visual Studio Solution File, Format Version 12.00
# Visual Studio 14
VisualStudioVersion = 14.0.25123.0
MinimumVisualStudioVersion = 10.0.40219.1
Project("{FAE04EC0-301F-11D3-BF4B-00C04F79EFBC}") = "OcapiQueryUtil", "OcapiQueryUtil.csproj", "{45C86574-5E8F-45EF-936D-796792C8DA0C}"
EndProject
Project("{FAE04EC0-301F-11D3-BF4B-00C04F79EFBC}") = "Net.Demandware.Ocapi", "..\Net.Demandware.Ocapi\Net.Demandware.Ocapi.csproj", "{547E87BB-66AF-49A9-96CE-EA3E134204B2}"
EndProject
Global
	GlobalSection(SolutionConfigurationPlatforms) = preSolution
		Debug|Any CPU = Debug|Any CPU
		Release|Any CPU = Release|Any CPU
	EndGlobalSection
	GlobalSection(ProjectConfigurationPlatforms) = postSolution
		{45C86574-5E8F-45EF-936D-796792C8DA0C}.Debug|Any CPU.ActiveCfg = Debug|Any CPU
		{45C86574-5E8F-45EF-936D-796792C8DA0C}.Debug|Any CPU.Build.0 = Debug|Any CPU
		{45C86574-5E8F-45EF-936D-796792C8DA0C}.Release|Any CPU.ActiveCfg = Release|Any CPU
		{45C86574-5E8F-45EF-936D-796792C8DA0C}.Release|Any CPU.Build.0 = Release|Any CPU
		{547E87BB-66AF-49A9-96CE-EA3E134204B2}.Debug|Any CPU.ActiveCfg = Debug|Any CPU
		{547E87BB-66AF-49A9-96CE-EA3E134204B2}.Debug|Any CPU.Build.0 = Debug|Any CPU
		{547E87BB-66AF-49A9-96CE-EA3E134204B2}.Release|Any CPU.ActiveCfg = Release|Any CPU
		{547E87BB-66AF-49A9-96CE-EA3E134204B2}.Release|Any CPU.Build.0 = Release|Any CPU
	EndGlobalSection
	GlobalSection(SolutionProperties) = preSolution
		HideSolutionNode = FALSE
	EndGlobalSection
EndGlobal
